
Microsoft Visual Studio Solution File, Format Version 12.00
# Visual Studio Version 17
VisualStudioVersion = 17.11.35208.52
MinimumVisualStudioVersion = 10.0.40219.1
Project("{9A19103F-16F7-4668-BE54-9A1E7A4F7556}") = "UImobile_c2paSigner", "c2paSigner\UImobile_c2paSigner.csproj", "{D9858E4D-9341-4088-911B-055D1431A32A}"
	ProjectSection(ProjectDependencies) = postProject
		{6945C589-A61A-4758-A0FD-4FA247D26129} = {6945C589-A61A-4758-A0FD-4FA247D26129}
	EndProjectSection
EndProject
Project("{9A19103F-16F7-4668-BE54-9A1E7A4F7556}") = "hsm_signer", "hsm_signer\hsm_signer.csproj", "{6945C589-A61A-4758-A0FD-4FA247D26129}"
EndProject
Global
	GlobalSection(SolutionConfigurationPlatforms) = preSolution
		Debug|Any CPU = Debug|Any CPU
		Release|Any CPU = Release|Any CPU
	EndGlobalSection
	GlobalSection(ProjectConfigurationPlatforms) = postSolution
		{D9858E4D-9341-4088-911B-055D1431A32A}.Debug|Any CPU.ActiveCfg = Debug|Any CPU
		{D9858E4D-9341-4088-911B-055D1431A32A}.Debug|Any CPU.Build.0 = Debug|Any CPU
		{D9858E4D-9341-4088-911B-055D1431A32A}.Release|Any CPU.ActiveCfg = Release|Any CPU
		{D9858E4D-9341-4088-911B-055D1431A32A}.Release|Any CPU.Build.0 = Release|Any CPU
		{6945C589-A61A-4758-A0FD-4FA247D26129}.Debug|Any CPU.ActiveCfg = Debug|Any CPU
		{6945C589-A61A-4758-A0FD-4FA247D26129}.Debug|Any CPU.Build.0 = Debug|Any CPU
		{6945C589-A61A-4758-A0FD-4FA247D26129}.Release|Any CPU.ActiveCfg = Release|Any CPU
		{6945C589-A61A-4758-A0FD-4FA247D26129}.Release|Any CPU.Build.0 = Release|Any CPU
	EndGlobalSection
	GlobalSection(SolutionProperties) = preSolution
		HideSolutionNode = FALSE
	EndGlobalSection
	GlobalSection(ExtensibilityGlobals) = postSolution
		SolutionGuid = {40E2A232-15B6-4E8E-927E-80FBDD62B5F0}
	EndGlobalSection
EndGlobal
